
Microsoft Visual Studio Solution File, Format Version 12.00
# Visual Studio Version 17
VisualStudioVersion = 17.4.33213.308
MinimumVisualStudioVersion = 10.0.40219.1
Project("{FAE04EC0-301F-11D3-BF4B-00C04F79EFBC}") = "RodiflGioApi", "RodiflGioApi\RodiflGioApi.csproj", "{80ADC6D5-B1A8-49B2-9189-5A2CDF936719}"
EndProject
Global
	GlobalSection(SolutionConfigurationPlatforms) = preSolution
		Debug|Any CPU = Debug|Any CPU
		Release|Any CPU = Release|Any CPU
	EndGlobalSection
	GlobalSection(ProjectConfigurationPlatforms) = postSolution
		{80ADC6D5-B1A8-49B2-9189-5A2CDF936719}.Debug|Any CPU.ActiveCfg = Debug|Any CPU
		{80ADC6D5-B1A8-49B2-9189-5A2CDF936719}.Debug|Any CPU.Build.0 = Debug|Any CPU
		{80ADC6D5-B1A8-49B2-9189-5A2CDF936719}.Release|Any CPU.ActiveCfg = Release|Any CPU
		{80ADC6D5-B1A8-49B2-9189-5A2CDF936719}.Release|Any CPU.Build.0 = Release|Any CPU
	EndGlobalSection
	GlobalSection(SolutionProperties) = preSolution
		HideSolutionNode = FALSE
	EndGlobalSection
	GlobalSection(ExtensibilityGlobals) = postSolution
		SolutionGuid = {6616CA54-2B21-4745-98DF-EC45D94FE104}
	EndGlobalSection
EndGlobal
